NeoBundleLock AnsiEsc.vim d2bb7878622e4c16203acf1c92a0f4bc7ac58003
NeoBundleLock cake.vim 4f65fa9db8def711ca073ae3b3613e6faa51c6d5
NeoBundleLock dash.vim 96221024a6a0377bab13472881c31009bc93e6d0
NeoBundleLock emmet-vim 4efb1c333ebb547542d23d0cac9c3bff272ac353
NeoBundleLock html5.vim fcbe2d3eaf3ac1438da122e65badbf410d7990ef
NeoBundleLock jedi-vim 40a02a7fd187bf82ce3cda517feffbda8015ef5c
NeoBundleLock matchit.zip ced6c409c9beeb0b4142d21906606bd194411d1d
NeoBundleLock memolist.vim a1edd35f1a5efd81098b8d6cbdcc5feff4eec309
NeoBundleLock neobundle.vim c6fa48cd665071b7a4dbf5ab53f48cd5884716ee
NeoBundleLock neomru.vim c7bf447627679a3f06f0f3caf893b0497d0aa90b
NeoBundleLock neosnippet 9996520d6bf1aaee21f66b5eb561c9f0b306216c
NeoBundleLock neosnippet-snippets 2a9487bacb924d8e870612b6b0a2afb34deea0ae
NeoBundleLock nerdtree 45f4d61f04e7ef33360f7735931da9ea2ebc05e0
NeoBundleLock open-browser.vim 8acd11090c99d2059f609808b6762e49a011479f
NeoBundleLock tcomment_vim 14384f56eeb1065f97d4fea34b7b5f4c57ffee9f
NeoBundleLock unite.vim 97e634117ff05d3c867d625940da5c7947cebf63
NeoBundleLock vim-autoclose a9a3b7384657bc1f60a963fd6c08c63fc48d61c3
NeoBundleLock vim-coffee-script aace5c23d812a205c93e87ff79df72d9366928df
NeoBundleLock vim-css3-syntax 0ce18a4fd73825ebda6d25621bbc71751bab769e
NeoBundleLock vim-easymotion d55e7bf515eab93e0b49f6f762bf5b0bf808264d
NeoBundleLock vim-fugitive 785bb15745f0cf41b9163b364d2d809756adb912
NeoBundleLock vim-indent-guides 018298ead9d3aa9cd3b4ae222f81022a33978b09
NeoBundleLock vim-javascript 2bca9c6f603a5bcdf6e7494158d178fb48c13f24
NeoBundleLock vim-less 9426a5168acbc12a5dd8f3b01acff59db6ba36e1
NeoBundleLock vim-markdown 42199ee8f56ce0befc776f4c6a34e6c68a1b0916
NeoBundleLock vim-node 13b31218447335e176d46dd5f497b274f7f49595
NeoBundleLock vim-smartinput 78ab4b3df24fa2753d3dfc1be75ed5a3df1565b8
NeoBundleLock vim-smartinput-endwise 1a48170764cc5fe84e3a84e4213185cb69268761
NeoBundleLock vim-surround e49d6c2459e0f5569ff2d533b4df995dd7f98313
NeoBundleLock vim-trailing-whitespace 733fb64337b6da4a51c85a43450cd620d8b617b5
NeoBundleLock vimfiler a00df82b4f0cb3ce05b1dc97fa245c08b3930c72
NeoBundleLock vimproc 25cb83f24edec4aec1e9f1329302235e7a7a7fe0
NeoBundleLock yankround.vim bced716bb283a328c4dbec056bba36e53b2b404b
